
Microsoft Visual Studio Solution File, Format Version 12.00
# Visual Studio Version 17
VisualStudioVersion = 17.12.35514.174 d17.12
MinimumVisualStudioVersion = 10.0.40219.1
Project("{FAE04EC0-301F-11D3-BF4B-00C04F79EFBC}") = "SkyEagle", "SkyEagle\SkyEagle.csproj", "{1D9119D6-7A0C-45E4-97E8-9ECF87C02BCD}"
EndProject
Project("{FAE04EC0-301F-11D3-BF4B-00C04F79EFBC}") = "SkyDTO", "SkyDTO\SkyDTO.csproj", "{5FB3A099-A592-443D-81DF-29D45CBB7C4F}"
EndProject
Project("{FAE04EC0-301F-11D3-BF4B-00C04F79EFBC}") = "SkyModel", "SkyModel\SkyModel.csproj", "{A35509E2-36F8-42E1-B802-8A8B54D17B74}"
EndProject
Global
	GlobalSection(SolutionConfigurationPlatforms) = preSolution
		Debug|Any CPU = Debug|Any CPU
		Release|Any CPU = Release|Any CPU
	EndGlobalSection
	GlobalSection(ProjectConfigurationPlatforms) = postSolution
		{1D9119D6-7A0C-45E4-97E8-9ECF87C02BCD}.Debug|Any CPU.ActiveCfg = Debug|Any CPU
		{1D9119D6-7A0C-45E4-97E8-9ECF87C02BCD}.Debug|Any CPU.Build.0 = Debug|Any CPU
		{1D9119D6-7A0C-45E4-97E8-9ECF87C02BCD}.Release|Any CPU.ActiveCfg = Release|Any CPU
		{1D9119D6-7A0C-45E4-97E8-9ECF87C02BCD}.Release|Any CPU.Build.0 = Release|Any CPU
		{5FB3A099-A592-443D-81DF-29D45CBB7C4F}.Debug|Any CPU.ActiveCfg = Debug|Any CPU
		{5FB3A099-A592-443D-81DF-29D45CBB7C4F}.Debug|Any CPU.Build.0 = Debug|Any CPU
		{5FB3A099-A592-443D-81DF-29D45CBB7C4F}.Release|Any CPU.ActiveCfg = Release|Any CPU
		{5FB3A099-A592-443D-81DF-29D45CBB7C4F}.Release|Any CPU.Build.0 = Release|Any CPU
		{A35509E2-36F8-42E1-B802-8A8B54D17B74}.Debug|Any CPU.ActiveCfg = Debug|Any CPU
		{A35509E2-36F8-42E1-B802-8A8B54D17B74}.Debug|Any CPU.Build.0 = Debug|Any CPU
		{A35509E2-36F8-42E1-B802-8A8B54D17B74}.Release|Any CPU.ActiveCfg = Release|Any CPU
		{A35509E2-36F8-42E1-B802-8A8B54D17B74}.Release|Any CPU.Build.0 = Release|Any CPU
	EndGlobalSection
	GlobalSection(SolutionProperties) = preSolution
		HideSolutionNode = FALSE
	EndGlobalSection
EndGlobal
